
Microsoft Visual Studio Solution File, Format Version 12.00
# Visual Studio 15
VisualStudioVersion = 15.0.27703.2047
MinimumVisualStudioVersion = 10.0.40219.1
Project("{FAE04EC0-301F-11D3-BF4B-00C04F79EFBC}") = "KlaxEditor", "KlaxEditor\KlaxEditor.csproj", "{C5EFD70E-AB7B-4680-9B45-A9CD42FC3A0D}"
EndProject
Project("{FAE04EC0-301F-11D3-BF4B-00C04F79EFBC}") = "KlaxCore", "KlaxCore\KlaxCore.csproj", "{94BAB26E-C944-44D7-A603-CE974F6642B6}"
EndProject
Project("{FAE04EC0-301F-11D3-BF4B-00C04F79EFBC}") = "KlaxRenderer", "KlaxRenderer\KlaxRenderer.csproj", "{71E9ED84-3374-452D-8BFE-E77393203955}"
EndProject
Project("{2150E333-8FDC-42A3-9474-1A3956D46DE8}") = "Common", "Common", "{4252D7B4-550A-4F37-804D-527CABFDFB50}"
EndProject
Project("{FAE04EC0-301F-11D3-BF4B-00C04F79EFBC}") = "KlaxMath", "KlaxMath\KlaxMath.csproj", "{11EEA24A-8356-46D1-9642-F895491A7F6D}"
EndProject
Project("{FAE04EC0-301F-11D3-BF4B-00C04F79EFBC}") = "KlaxConfig", "KlaxConfig\KlaxConfig.csproj", "{0D03DB57-F78C-4F41-AC74-9CC681E5B7BE}"
EndProject
Project("{FAE04EC0-301F-11D3-BF4B-00C04F79EFBC}") = "KlaxIO", "KlaxIO\KlaxIO.csproj", "{8B13DB51-88D9-46FC-AACB-A0698B9921BB}"
EndProject
Project("{FAE04EC0-301F-11D3-BF4B-00C04F79EFBC}") = "KlaxShared", "KlaxShared\KlaxShared.csproj", "{54221683-92BC-45B2-8D5E-C61277BE0A1A}"
EndProject
Project("{2150E333-8FDC-42A3-9474-1A3956D46DE8}") = "BepuPhysics", "BepuPhysics", "{58D85B48-9D22-4F74-820D-DC4040CA126B}"
EndProject
Project("{9A19103F-16F7-4668-BE54-9A1E7A4F7556}") = "BEPUutilities", "BepuPhysics\Utilities\BEPUutilities.csproj", "{3EE4C258-63A5-43C4-88F5-3A6E5975F35B}"
EndProject
Project("{9A19103F-16F7-4668-BE54-9A1E7A4F7556}") = "BEPUphysics", "BepuPhysics\Physics\BEPUphysics.csproj", "{F86DD40B-711F-4693-A3EE-9F04B0F6C5ED}"
EndProject
Project("{2150E333-8FDC-42A3-9474-1A3956D46DE8}") = "WPFExtensions", "WPFExtensions", "{CF2E5C61-7309-42ED-B723-F846625CAAC5}"
EndProject
Project("{FAE04EC0-301F-11D3-BF4B-00C04F79EFBC}") = "Digimezzo.WPFControls", "WPFExtensions\Digimezzo.WPFControls\Digimezzo.WPFControls.csproj", "{14CAB61B-42EA-4DAE-B79B-65A246D2A585}"
EndProject
Project("{FAE04EC0-301F-11D3-BF4B-00C04F79EFBC}") = "Xceed.Wpf.AvalonDock", "WPFExtensions\Xceed.Wpf.AvalonDock\Xceed.Wpf.AvalonDock.csproj", "{DB81988F-E0F2-45A0-A1FD-8C37F3D35244}"
EndProject
Project("{FAE04EC0-301F-11D3-BF4B-00C04F79EFBC}") = "Xceed.Wpf.Toolkit", "WPFExtensions\Xceed.Wpf.Toolkit\Xceed.Wpf.Toolkit.csproj", "{72E591D6-8F83-4D8C-8F67-9C325E623234}"
EndProject
Global
	GlobalSection(SolutionConfigurationPlatforms) = preSolution
		Debug|Any CPU = Debug|Any CPU
		Debug|x64 = Debug|x64
		Debug|x86 = Debug|x86
		Release|Any CPU = Release|Any CPU
		Release|x64 = Release|x64
		Release|x86 = Release|x86
	EndGlobalSection
	GlobalSection(ProjectConfigurationPlatforms) = postSolution
		{C5EFD70E-AB7B-4680-9B45-A9CD42FC3A0D}.Debug|Any CPU.ActiveCfg = Debug|x86
		{C5EFD70E-AB7B-4680-9B45-A9CD42FC3A0D}.Debug|x64.ActiveCfg = Debug|x64
		{C5EFD70E-AB7B-4680-9B45-A9CD42FC3A0D}.Debug|x64.Build.0 = Debug|x64
		{C5EFD70E-AB7B-4680-9B45-A9CD42FC3A0D}.Debug|x86.ActiveCfg = Debug|x86
		{C5EFD70E-AB7B-4680-9B45-A9CD42FC3A0D}.Debug|x86.Build.0 = Debug|x86
		{C5EFD70E-AB7B-4680-9B45-A9CD42FC3A0D}.Release|Any CPU.ActiveCfg = Release|x86
		{C5EFD70E-AB7B-4680-9B45-A9CD42FC3A0D}.Release|x64.ActiveCfg = Release|x64
		{C5EFD70E-AB7B-4680-9B45-A9CD42FC3A0D}.Release|x64.Build.0 = Release|x64
		{C5EFD70E-AB7B-4680-9B45-A9CD42FC3A0D}.Release|x86.ActiveCfg = Release|x86
		{C5EFD70E-AB7B-4680-9B45-A9CD42FC3A0D}.Release|x86.Build.0 = Release|x86
		{94BAB26E-C944-44D7-A603-CE974F6642B6}.Debug|Any CPU.ActiveCfg = Debug|x86
		{94BAB26E-C944-44D7-A603-CE974F6642B6}.Debug|x64.ActiveCfg = Debug|x64
		{94BAB26E-C944-44D7-A603-CE974F6642B6}.Debug|x64.Build.0 = Debug|x64
		{94BAB26E-C944-44D7-A603-CE974F6642B6}.Debug|x86.ActiveCfg = Debug|x86
		{94BAB26E-C944-44D7-A603-CE974F6642B6}.Debug|x86.Build.0 = Debug|x86
		{94BAB26E-C944-44D7-A603-CE974F6642B6}.Release|Any CPU.ActiveCfg = Release|x86
		{94BAB26E-C944-44D7-A603-CE974F6642B6}.Release|x64.ActiveCfg = Release|x64
		{94BAB26E-C944-44D7-A603-CE974F6642B6}.Release|x64.Build.0 = Release|x64
		{94BAB26E-C944-44D7-A603-CE974F6642B6}.Release|x86.ActiveCfg = Release|x86
		{94BAB26E-C944-44D7-A603-CE974F6642B6}.Release|x86.Build.0 = Release|x86
		{71E9ED84-3374-452D-8BFE-E77393203955}.Debug|Any CPU.ActiveCfg = Debug|x86
		{71E9ED84-3374-452D-8BFE-E77393203955}.Debug|x64.ActiveCfg = Debug|x64
		{71E9ED84-3374-452D-8BFE-E77393203955}.Debug|x64.Build.0 = Debug|x64
		{71E9ED84-3374-452D-8BFE-E77393203955}.Debug|x86.ActiveCfg = Debug|x86
		{71E9ED84-3374-452D-8BFE-E77393203955}.Debug|x86.Build.0 = Debug|x86
		{71E9ED84-3374-452D-8BFE-E77393203955}.Release|Any CPU.ActiveCfg = Release|x86
		{71E9ED84-3374-452D-8BFE-E77393203955}.Release|x64.ActiveCfg = Release|x64
		{71E9ED84-3374-452D-8BFE-E77393203955}.Release|x64.Build.0 = Release|x64
		{71E9ED84-3374-452D-8BFE-E77393203955}.Release|x86.ActiveCfg = Release|x86
		{71E9ED84-3374-452D-8BFE-E77393203955}.Release|x86.Build.0 = Release|x86
		{11EEA24A-8356-46D1-9642-F895491A7F6D}.Debug|Any CPU.ActiveCfg = Debug|x86
		{11EEA24A-8356-46D1-9642-F895491A7F6D}.Debug|x64.ActiveCfg = Debug|x64
		{11EEA24A-8356-46D1-9642-F895491A7F6D}.Debug|x64.Build.0 = Debug|x64
		{11EEA24A-8356-46D1-9642-F895491A7F6D}.Debug|x86.ActiveCfg = Debug|x86
		{11EEA24A-8356-46D1-9642-F895491A7F6D}.Debug|x86.Build.0 = Debug|x86
		{11EEA24A-8356-46D1-9642-F895491A7F6D}.Release|Any CPU.ActiveCfg = Release|x86
		{11EEA24A-8356-46D1-9642-F895491A7F6D}.Release|x64.ActiveCfg = Release|x64
		{11EEA24A-8356-46D1-9642-F895491A7F6D}.Release|x64.Build.0 = Release|x64
		{11EEA24A-8356-46D1-9642-F895491A7F6D}.Release|x86.ActiveCfg = Release|x86
		{11EEA24A-8356-46D1-9642-F895491A7F6D}.Release|x86.Build.0 = Release|x86
		{0D03DB57-F78C-4F41-AC74-9CC681E5B7BE}.Debug|Any CPU.ActiveCfg = Debug|x86
		{0D03DB57-F78C-4F41-AC74-9CC681E5B7BE}.Debug|x64.ActiveCfg = Debug|x64
		{0D03DB57-F78C-4F41-AC74-9CC681E5B7BE}.Debug|x64.Build.0 = Debug|x64
		{0D03DB57-F78C-4F41-AC74-9CC681E5B7BE}.Debug|x86.ActiveCfg = Debug|x86
		{0D03DB57-F78C-4F41-AC74-9CC681E5B7BE}.Debug|x86.Build.0 = Debug|x86
		{0D03DB57-F78C-4F41-AC74-9CC681E5B7BE}.Release|Any CPU.ActiveCfg = Release|x86
		{0D03DB57-F78C-4F41-AC74-9CC681E5B7BE}.Release|x64.ActiveCfg = Release|x64
		{0D03DB57-F78C-4F41-AC74-9CC681E5B7BE}.Release|x64.Build.0 = Release|x64
		{0D03DB57-F78C-4F41-AC74-9CC681E5B7BE}.Release|x86.ActiveCfg = Release|x86
		{0D03DB57-F78C-4F41-AC74-9CC681E5B7BE}.Release|x86.Build.0 = Release|x86
		{8B13DB51-88D9-46FC-AACB-A0698B9921BB}.Debug|Any CPU.ActiveCfg = Debug|x86
		{8B13DB51-88D9-46FC-AACB-A0698B9921BB}.Debug|x64.ActiveCfg = Debug|x64
		{8B13DB51-88D9-46FC-AACB-A0698B9921BB}.Debug|x64.Build.0 = Debug|x64
		{8B13DB51-88D9-46FC-AACB-A0698B9921BB}.Debug|x86.ActiveCfg = Debug|x86
		{8B13DB51-88D9-46FC-AACB-A0698B9921BB}.Debug|x86.Build.0 = Debug|x86
		{8B13DB51-88D9-46FC-AACB-A0698B9921BB}.Release|Any CPU.ActiveCfg = Release|x86
		{8B13DB51-88D9-46FC-AACB-A0698B9921BB}.Release|x64.ActiveCfg = Release|x64
		{8B13DB51-88D9-46FC-AACB-A0698B9921BB}.Release|x64.Build.0 = Release|x64
		{8B13DB51-88D9-46FC-AACB-A0698B9921BB}.Release|x86.ActiveCfg = Release|x86
		{8B13DB51-88D9-46FC-AACB-A0698B9921BB}.Release|x86.Build.0 = Release|x86
		{54221683-92BC-45B2-8D5E-C61277BE0A1A}.Debug|Any CPU.ActiveCfg = Debug|x86
		{54221683-92BC-45B2-8D5E-C61277BE0A1A}.Debug|x64.ActiveCfg = Debug|x64
		{54221683-92BC-45B2-8D5E-C61277BE0A1A}.Debug|x64.Build.0 = Debug|x64
		{54221683-92BC-45B2-8D5E-C61277BE0A1A}.Debug|x86.ActiveCfg = Debug|x86
		{54221683-92BC-45B2-8D5E-C61277BE0A1A}.Debug|x86.Build.0 = Debug|x86
		{54221683-92BC-45B2-8D5E-C61277BE0A1A}.Release|Any CPU.ActiveCfg = Release|x86
		{54221683-92BC-45B2-8D5E-C61277BE0A1A}.Release|x64.ActiveCfg = Release|x64
		{54221683-92BC-45B2-8D5E-C61277BE0A1A}.Release|x64.Build.0 = Release|x64
		{54221683-92BC-45B2-8D5E-C61277BE0A1A}.Release|x86.ActiveCfg = Release|x86
		{54221683-92BC-45B2-8D5E-C61277BE0A1A}.Release|x86.Build.0 = Release|x86
		{3EE4C258-63A5-43C4-88F5-3A6E5975F35B}.Debug|Any CPU.ActiveCfg = Debug|Any CPU
		{3EE4C258-63A5-43C4-88F5-3A6E5975F35B}.Debug|Any CPU.Build.0 = Debug|Any CPU
		{3EE4C258-63A5-43C4-88F5-3A6E5975F35B}.Debug|x64.ActiveCfg = Debug|x64
		{3EE4C258-63A5-43C4-88F5-3A6E5975F35B}.Debug|x64.Build.0 = Debug|x64
		{3EE4C258-63A5-43C4-88F5-3A6E5975F35B}.Debug|x86.ActiveCfg = Debug|x86
		{3EE4C258-63A5-43C4-88F5-3A6E5975F35B}.Debug|x86.Build.0 = Debug|x86
		{3EE4C258-63A5-43C4-88F5-3A6E5975F35B}.Release|Any CPU.ActiveCfg = Release|Any CPU
		{3EE4C258-63A5-43C4-88F5-3A6E5975F35B}.Release|Any CPU.Build.0 = Release|Any CPU
		{3EE4C258-63A5-43C4-88F5-3A6E5975F35B}.Release|x64.ActiveCfg = Release|x64
		{3EE4C258-63A5-43C4-88F5-3A6E5975F35B}.Release|x64.Build.0 = Release|x64
		{3EE4C258-63A5-43C4-88F5-3A6E5975F35B}.Release|x86.ActiveCfg = Release|x86
		{3EE4C258-63A5-43C4-88F5-3A6E5975F35B}.Release|x86.Build.0 = Release|x86
		{F86DD40B-711F-4693-A3EE-9F04B0F6C5ED}.Debug|Any CPU.ActiveCfg = Debug|Any CPU
		{F86DD40B-711F-4693-A3EE-9F04B0F6C5ED}.Debug|Any CPU.Build.0 = Debug|Any CPU
		{F86DD40B-711F-4693-A3EE-9F04B0F6C5ED}.Debug|x64.ActiveCfg = Debug|x64
		{F86DD40B-711F-4693-A3EE-9F04B0F6C5ED}.Debug|x64.Build.0 = Debug|x64
		{F86DD40B-711F-4693-A3EE-9F04B0F6C5ED}.Debug|x86.ActiveCfg = Debug|x86
		{F86DD40B-711F-4693-A3EE-9F04B0F6C5ED}.Debug|x86.Build.0 = Debug|x86
		{F86DD40B-711F-4693-A3EE-9F04B0F6C5ED}.Release|Any CPU.ActiveCfg = Release|Any CPU
		{F86DD40B-711F-4693-A3EE-9F04B0F6C5ED}.Release|Any CPU.Build.0 = Release|Any CPU
		{F86DD40B-711F-4693-A3EE-9F04B0F6C5ED}.Release|x64.ActiveCfg = Release|x64
		{F86DD40B-711F-4693-A3EE-9F04B0F6C5ED}.Release|x64.Build.0 = Release|x64
		{F86DD40B-711F-4693-A3EE-9F04B0F6C5ED}.Release|x86.ActiveCfg = Release|x86
		{F86DD40B-711F-4693-A3EE-9F04B0F6C5ED}.Release|x86.Build.0 = Release|x86
		{14CAB61B-42EA-4DAE-B79B-65A246D2A585}.Debug|Any CPU.ActiveCfg = Debug|Any CPU
		{14CAB61B-42EA-4DAE-B79B-65A246D2A585}.Debug|Any CPU.Build.0 = Debug|Any CPU
		{14CAB61B-42EA-4DAE-B79B-65A246D2A585}.Debug|x64.ActiveCfg = Debug|Any CPU
		{14CAB61B-42EA-4DAE-B79B-65A246D2A585}.Debug|x64.Build.0 = Debug|Any CPU
		{14CAB61B-42EA-4DAE-B79B-65A246D2A585}.Debug|x86.ActiveCfg = Debug|Any CPU
		{14CAB61B-42EA-4DAE-B79B-65A246D2A585}.Debug|x86.Build.0 = Debug|Any CPU
		{14CAB61B-42EA-4DAE-B79B-65A246D2A585}.Release|Any CPU.ActiveCfg = Release|Any CPU
		{14CAB61B-42EA-4DAE-B79B-65A246D2A585}.Release|Any CPU.Build.0 = Release|Any CPU
		{14CAB61B-42EA-4DAE-B79B-65A246D2A585}.Release|x64.ActiveCfg = Release|Any CPU
		{14CAB61B-42EA-4DAE-B79B-65A246D2A585}.Release|x64.Build.0 = Release|Any CPU
		{14CAB61B-42EA-4DAE-B79B-65A246D2A585}.Release|x86.ActiveCfg = Release|Any CPU
		{14CAB61B-42EA-4DAE-B79B-65A246D2A585}.Release|x86.Build.0 = Release|Any CPU
		{DB81988F-E0F2-45A0-A1FD-8C37F3D35244}.Debug|Any CPU.ActiveCfg = Debug|Any CPU
		{DB81988F-E0F2-45A0-A1FD-8C37F3D35244}.Debug|Any CPU.Build.0 = Debug|Any CPU
		{DB81988F-E0F2-45A0-A1FD-8C37F3D35244}.Debug|x64.ActiveCfg = Debug|Any CPU
		{DB81988F-E0F2-45A0-A1FD-8C37F3D35244}.Debug|x64.Build.0 = Debug|Any CPU
		{DB81988F-E0F2-45A0-A1FD-8C37F3D35244}.Debug|x86.ActiveCfg = Debug|Any CPU
		{DB81988F-E0F2-45A0-A1FD-8C37F3D35244}.Debug|x86.Build.0 = Debug|Any CPU
		{DB81988F-E0F2-45A0-A1FD-8C37F3D35244}.Release|Any CPU.ActiveCfg = Release|Any CPU
		{DB81988F-E0F2-45A0-A1FD-8C37F3D35244}.Release|Any CPU.Build.0 = Release|Any CPU
		{DB81988F-E0F2-45A0-A1FD-8C37F3D35244}.Release|x64.ActiveCfg = Release|Any CPU
		{DB81988F-E0F2-45A0-A1FD-8C37F3D35244}.Release|x64.Build.0 = Release|Any CPU
		{DB81988F-E0F2-45A0-A1FD-8C37F3D35244}.Release|x86.ActiveCfg = Release|Any CPU
		{DB81988F-E0F2-45A0-A1FD-8C37F3D35244}.Release|x86.Build.0 = Release|Any CPU
		{72E591D6-8F83-4D8C-8F67-9C325E623234}.Debug|Any CPU.ActiveCfg = Debug|Any CPU
		{72E591D6-8F83-4D8C-8F67-9C325E623234}.Debug|Any CPU.Build.0 = Debug|Any CPU
		{72E591D6-8F83-4D8C-8F67-9C325E623234}.Debug|x64.ActiveCfg = Debug|Any CPU
		{72E591D6-8F83-4D8C-8F67-9C325E623234}.Debug|x64.Build.0 = Debug|Any CPU
		{72E591D6-8F83-4D8C-8F67-9C325E623234}.Debug|x86.ActiveCfg = Debug|Any CPU
		{72E591D6-8F83-4D8C-8F67-9C325E623234}.Debug|x86.Build.0 = Debug|Any CPU
		{72E591D6-8F83-4D8C-8F67-9C325E623234}.Release|Any CPU.ActiveCfg = Release|Any CPU
		{72E591D6-8F83-4D8C-8F67-9C325E623234}.Release|Any CPU.Build.0 = Release|Any CPU
		{72E591D6-8F83-4D8C-8F67-9C325E623234}.Release|x64.ActiveCfg = Release|Any CPU
		{72E591D6-8F83-4D8C-8F67-9C325E623234}.Release|x64.Build.0 = Release|Any CPU
		{72E591D6-8F83-4D8C-8F67-9C325E623234}.Release|x86.ActiveCfg = Release|Any CPU
		{72E591D6-8F83-4D8C-8F67-9C325E623234}.Release|x86.Build.0 = Release|Any CPU
	EndGlobalSection
	GlobalSection(SolutionProperties) = preSolution
		HideSolutionNode = FALSE
	EndGlobalSection
	GlobalSection(NestedProjects) = preSolution
		{11EEA24A-8356-46D1-9642-F895491A7F6D} = {4252D7B4-550A-4F37-804D-527CABFDFB50}
		{0D03DB57-F78C-4F41-AC74-9CC681E5B7BE} = {4252D7B4-550A-4F37-804D-527CABFDFB50}
		{8B13DB51-88D9-46FC-AACB-A0698B9921BB} = {4252D7B4-550A-4F37-804D-527CABFDFB50}
		{54221683-92BC-45B2-8D5E-C61277BE0A1A} = {4252D7B4-550A-4F37-804D-527CABFDFB50}
		{3EE4C258-63A5-43C4-88F5-3A6E5975F35B} = {58D85B48-9D22-4F74-820D-DC4040CA126B}
		{F86DD40B-711F-4693-A3EE-9F04B0F6C5ED} = {58D85B48-9D22-4F74-820D-DC4040CA126B}
		{14CAB61B-42EA-4DAE-B79B-65A246D2A585} = {CF2E5C61-7309-42ED-B723-F846625CAAC5}
		{DB81988F-E0F2-45A0-A1FD-8C37F3D35244} = {CF2E5C61-7309-42ED-B723-F846625CAAC5}
		{72E591D6-8F83-4D8C-8F67-9C325E623234} = {CF2E5C61-7309-42ED-B723-F846625CAAC5}
	EndGlobalSection
	GlobalSection(ExtensibilityGlobals) = postSolution
		SolutionGuid = {458FED1F-5170-4D71-BB19-BB7F43F74A7B}
	EndGlobalSection
EndGlobal
